
Microsoft Visual Studio Solution File, Format Version 12.00
# Visual Studio Version 17
VisualStudioVersion = 17.0.31903.59
MinimumVisualStudioVersion = 10.0.40219.1
Project("{2150E333-8FDC-42A3-9474-1A3956D46DE8}") = "Tutorials", "Tutorials", "{1A07784E-3FE2-4C0D-979A-E22060C7CCDA}"
EndProject
Project("{FAE04EC0-301F-11D3-BF4B-00C04F79EFBC}") = "RabbitMQLearing.HelloWorld.Receiver", "Tutorials\RabbitMQLearning.HelloWorld.Receiver\RabbitMQLearing.HelloWorld.Receiver.csproj", "{D1AA7CCA-6807-4400-9425-4B941D042525}"
EndProject
Project("{FAE04EC0-301F-11D3-BF4B-00C04F79EFBC}") = "RabbitMQLearing.HelloWorld.Sender", "Tutorials\RabbitMQLearning.HelloWorld.Sender\RabbitMQLearing.HelloWorld.Sender.csproj", "{65CC93E6-382D-4D39-852D-F2C2034F1CFC}"
EndProject
Project("{FAE04EC0-301F-11D3-BF4B-00C04F79EFBC}") = "RabbitMQLearning.WorkQueues.NewTask", "Tutorials\RabbitMQLearning.WorkQueues.NewTask\RabbitMQLearning.WorkQueues.NewTask.csproj", "{A4A04E2F-486F-4156-9627-AB480E264A34}"
EndProject
Project("{FAE04EC0-301F-11D3-BF4B-00C04F79EFBC}") = "RabbitMQLearning.WorkQueues.Worker", "Tutorials\RabbitMQLearning.WorkQueues.Worker\RabbitMQLearning.WorkQueues.Worker.csproj", "{27E4410B-17BD-441F-BCDC-16FE391751D2}"
EndProject
Project("{2150E333-8FDC-42A3-9474-1A3956D46DE8}") = "Common", "Common", "{7E9F8D9A-2A79-499D-AF47-0E6B87B70DDE}"
EndProject
Project("{FAE04EC0-301F-11D3-BF4B-00C04F79EFBC}") = "RabbitMQLearning.Shared", "Common\RabbitMQLearning.Shared\RabbitMQLearning.Shared.csproj", "{FF2AD82F-750D-4910-B683-4141C0393075}"
EndProject
Project("{FAE04EC0-301F-11D3-BF4B-00C04F79EFBC}") = "RabbitMQLearning.PubSub.EmitLog", "Tutorials\RabbitMQLearning.PubSub.EmitLog\RabbitMQLearning.PubSub.EmitLog.csproj", "{59006711-1ECF-4952-B6F2-F8DB78CA5904}"
EndProject
Project("{FAE04EC0-301F-11D3-BF4B-00C04F79EFBC}") = "RabbitMQLearning.PubSub.ReceiveLogs", "Tutorials\RabbitMQLearning.PubSub.ReceiveLogs\RabbitMQLearning.PubSub.ReceiveLogs.csproj", "{8B5F59F4-1591-4C45-A884-CB37FEE38DBC}"
EndProject
Project("{FAE04EC0-301F-11D3-BF4B-00C04F79EFBC}") = "RabbitMQLearning.Routing.ReceiveLogsDirect", "Tutorials\RabbitMQLearning.Routing.ReceiveLogsDirect\RabbitMQLearning.Routing.ReceiveLogsDirect.csproj", "{A69564C8-8582-4378-A0DA-9FE9C5ED62CC}"
EndProject
Project("{FAE04EC0-301F-11D3-BF4B-00C04F79EFBC}") = "RabbitMQLearning.Routing.EmitLogDirect", "Tutorials\RabbitMQLearning.Routing.EmitLogDirect\RabbitMQLearning.Routing.EmitLogDirect.csproj", "{109B4E89-4BCB-4F04-85BC-3B6729B5D208}"
EndProject
Global
	GlobalSection(SolutionConfigurationPlatforms) = preSolution
		Debug|Any CPU = Debug|Any CPU
		Release|Any CPU = Release|Any CPU
	EndGlobalSection
	GlobalSection(ProjectConfigurationPlatforms) = postSolution
		{D1AA7CCA-6807-4400-9425-4B941D042525}.Debug|Any CPU.ActiveCfg = Debug|Any CPU
		{D1AA7CCA-6807-4400-9425-4B941D042525}.Debug|Any CPU.Build.0 = Debug|Any CPU
		{D1AA7CCA-6807-4400-9425-4B941D042525}.Release|Any CPU.ActiveCfg = Release|Any CPU
		{D1AA7CCA-6807-4400-9425-4B941D042525}.Release|Any CPU.Build.0 = Release|Any CPU
		{65CC93E6-382D-4D39-852D-F2C2034F1CFC}.Debug|Any CPU.ActiveCfg = Debug|Any CPU
		{65CC93E6-382D-4D39-852D-F2C2034F1CFC}.Debug|Any CPU.Build.0 = Debug|Any CPU
		{65CC93E6-382D-4D39-852D-F2C2034F1CFC}.Release|Any CPU.ActiveCfg = Release|Any CPU
		{65CC93E6-382D-4D39-852D-F2C2034F1CFC}.Release|Any CPU.Build.0 = Release|Any CPU
		{A4A04E2F-486F-4156-9627-AB480E264A34}.Debug|Any CPU.ActiveCfg = Debug|Any CPU
		{A4A04E2F-486F-4156-9627-AB480E264A34}.Debug|Any CPU.Build.0 = Debug|Any CPU
		{A4A04E2F-486F-4156-9627-AB480E264A34}.Release|Any CPU.ActiveCfg = Release|Any CPU
		{A4A04E2F-486F-4156-9627-AB480E264A34}.Release|Any CPU.Build.0 = Release|Any CPU
		{27E4410B-17BD-441F-BCDC-16FE391751D2}.Debug|Any CPU.ActiveCfg = Debug|Any CPU
		{27E4410B-17BD-441F-BCDC-16FE391751D2}.Debug|Any CPU.Build.0 = Debug|Any CPU
		{27E4410B-17BD-441F-BCDC-16FE391751D2}.Release|Any CPU.ActiveCfg = Release|Any CPU
		{27E4410B-17BD-441F-BCDC-16FE391751D2}.Release|Any CPU.Build.0 = Release|Any CPU
		{FF2AD82F-750D-4910-B683-4141C0393075}.Debug|Any CPU.ActiveCfg = Debug|Any CPU
		{FF2AD82F-750D-4910-B683-4141C0393075}.Debug|Any CPU.Build.0 = Debug|Any CPU
		{FF2AD82F-750D-4910-B683-4141C0393075}.Release|Any CPU.ActiveCfg = Release|Any CPU
		{FF2AD82F-750D-4910-B683-4141C0393075}.Release|Any CPU.Build.0 = Release|Any CPU
		{59006711-1ECF-4952-B6F2-F8DB78CA5904}.Debug|Any CPU.ActiveCfg = Debug|Any CPU
		{59006711-1ECF-4952-B6F2-F8DB78CA5904}.Debug|Any CPU.Build.0 = Debug|Any CPU
		{59006711-1ECF-4952-B6F2-F8DB78CA5904}.Release|Any CPU.ActiveCfg = Release|Any CPU
		{59006711-1ECF-4952-B6F2-F8DB78CA5904}.Release|Any CPU.Build.0 = Release|Any CPU
		{8B5F59F4-1591-4C45-A884-CB37FEE38DBC}.Debug|Any CPU.ActiveCfg = Debug|Any CPU
		{8B5F59F4-1591-4C45-A884-CB37FEE38DBC}.Debug|Any CPU.Build.0 = Debug|Any CPU
		{8B5F59F4-1591-4C45-A884-CB37FEE38DBC}.Release|Any CPU.ActiveCfg = Release|Any CPU
		{8B5F59F4-1591-4C45-A884-CB37FEE38DBC}.Release|Any CPU.Build.0 = Release|Any CPU
		{A69564C8-8582-4378-A0DA-9FE9C5ED62CC}.Debug|Any CPU.ActiveCfg = Debug|Any CPU
		{A69564C8-8582-4378-A0DA-9FE9C5ED62CC}.Debug|Any CPU.Build.0 = Debug|Any CPU
		{A69564C8-8582-4378-A0DA-9FE9C5ED62CC}.Release|Any CPU.ActiveCfg = Release|Any CPU
		{A69564C8-8582-4378-A0DA-9FE9C5ED62CC}.Release|Any CPU.Build.0 = Release|Any CPU
		{109B4E89-4BCB-4F04-85BC-3B6729B5D208}.Debug|Any CPU.ActiveCfg = Debug|Any CPU
		{109B4E89-4BCB-4F04-85BC-3B6729B5D208}.Debug|Any CPU.Build.0 = Debug|Any CPU
		{109B4E89-4BCB-4F04-85BC-3B6729B5D208}.Release|Any CPU.ActiveCfg = Release|Any CPU
		{109B4E89-4BCB-4F04-85BC-3B6729B5D208}.Release|Any CPU.Build.0 = Release|Any CPU
	EndGlobalSection
	GlobalSection(SolutionProperties) = preSolution
		HideSolutionNode = FALSE
	EndGlobalSection
	GlobalSection(NestedProjects) = preSolution
		{D1AA7CCA-6807-4400-9425-4B941D042525} = {1A07784E-3FE2-4C0D-979A-E22060C7CCDA}
		{65CC93E6-382D-4D39-852D-F2C2034F1CFC} = {1A07784E-3FE2-4C0D-979A-E22060C7CCDA}
		{A4A04E2F-486F-4156-9627-AB480E264A34} = {1A07784E-3FE2-4C0D-979A-E22060C7CCDA}
		{27E4410B-17BD-441F-BCDC-16FE391751D2} = {1A07784E-3FE2-4C0D-979A-E22060C7CCDA}
		{FF2AD82F-750D-4910-B683-4141C0393075} = {7E9F8D9A-2A79-499D-AF47-0E6B87B70DDE}
		{59006711-1ECF-4952-B6F2-F8DB78CA5904} = {1A07784E-3FE2-4C0D-979A-E22060C7CCDA}
		{8B5F59F4-1591-4C45-A884-CB37FEE38DBC} = {1A07784E-3FE2-4C0D-979A-E22060C7CCDA}
		{A69564C8-8582-4378-A0DA-9FE9C5ED62CC} = {1A07784E-3FE2-4C0D-979A-E22060C7CCDA}
		{109B4E89-4BCB-4F04-85BC-3B6729B5D208} = {1A07784E-3FE2-4C0D-979A-E22060C7CCDA}
	EndGlobalSection
EndGlobal
